
Microsoft Visual Studio Solution File, Format Version 12.00
# Visual Studio Version 17
VisualStudioVersion = 17.7.34031.279
MinimumVisualStudioVersion = 10.0.40219.1
Project("{FAE04EC0-301F-11D3-BF4B-00C04F79EFBC}") = "Aloha-Academy-Graduate-Project", "Aloha-Academy-Graduate-Project.csproj", "{F8574D75-2781-488B-9AEE-F697271A4B9D}"
EndProject
Global
	GlobalSection(SolutionConfigurationPlatforms) = preSolution
		Debug|Any CPU = Debug|Any CPU
		Release|Any CPU = Release|Any CPU
	EndGlobalSection
	GlobalSection(ProjectConfigurationPlatforms) = postSolution
		{F8574D75-2781-488B-9AEE-F697271A4B9D}.Debug|Any CPU.ActiveCfg = Debug|Any CPU
		{F8574D75-2781-488B-9AEE-F697271A4B9D}.Debug|Any CPU.Build.0 = Debug|Any CPU
		{F8574D75-2781-488B-9AEE-F697271A4B9D}.Release|Any CPU.ActiveCfg = Release|Any CPU
		{F8574D75-2781-488B-9AEE-F697271A4B9D}.Release|Any CPU.Build.0 = Release|Any CPU
	EndGlobalSection
	GlobalSection(SolutionProperties) = preSolution
		HideSolutionNode = FALSE
	EndGlobalSection
	GlobalSection(ExtensibilityGlobals) = postSolution
		SolutionGuid = {4FEA195B-42CB-4A5D-BEC5-1D3D5E5B2E68}
	EndGlobalSection
EndGlobal
